Microsoft Visual Studio Solution File, Format Version 12.00
# Visual Studio 14
VisualStudioVersion = 14.0.25420.1
MinimumVisualStudioVersion = 10.0.40219.1
Project("{FAE04EC0-301F-11D3-BF4B-00C04F79EFBC}") = "HubSpot.Cms.Domains", "src\HubSpot.Cms.Domains\HubSpot.Cms.Domains.csproj", "{55F99F34-FFE5-4C38-BC7F-C20720F397B0}"
EndProject
Project("{FAE04EC0-301F-11D3-BF4B-00C04F79EFBC}") = "HubSpot.Cms.Domains.Test", "src\HubSpot.Cms.Domains.Test\HubSpot.Cms.Domains.Test.csproj", "{19F1DEBC-DE5E-4517-8062-F000CD499087}"
EndProject
Global
	GlobalSection(SolutionConfigurationPlatforms) = preSolution
		Debug|Any CPU = Debug|Any CPU
		Release|Any CPU = Release|Any CPU
	EndGlobalSection
	GlobalSection(ProjectConfigurationPlatforms) = postSolution
		{55F99F34-FFE5-4C38-BC7F-C20720F397B0}.Debug|Any CPU.ActiveCfg = Debug|Any CPU
		{55F99F34-FFE5-4C38-BC7F-C20720F397B0}.Debug|Any CPU.Build.0 = Debug|Any CPU
		{55F99F34-FFE5-4C38-BC7F-C20720F397B0}.Release|Any CPU.ActiveCfg = Release|Any CPU
		{55F99F34-FFE5-4C38-BC7F-C20720F397B0}.Release|Any CPU.Build.0 = Release|Any CPU
		{19F1DEBC-DE5E-4517-8062-F000CD499087}.Debug|Any CPU.ActiveCfg = Debug|Any CPU
		{19F1DEBC-DE5E-4517-8062-F000CD499087}.Debug|Any CPU.Build.0 = Debug|Any CPU
		{19F1DEBC-DE5E-4517-8062-F000CD499087}.Release|Any CPU.ActiveCfg = Release|Any CPU
		{19F1DEBC-DE5E-4517-8062-F000CD499087}.Release|Any CPU.Build.0 = Release|Any CPU
	EndGlobalSection
	GlobalSection(SolutionProperties) = preSolution
		HideSolutionNode = FALSE
	EndGlobalSection
EndGlobal