
Microsoft Visual Studio Solution File, Format Version 12.00
# Visual Studio Version 17
VisualStudioVersion = 17.6.33712.159
MinimumVisualStudioVersion = 10.0.40219.1
Project("{2150E333-8FDC-42A3-9474-1A3956D46DE8}") = "src", "src", "{CD64CA24-2A01-4A2E-B80E-47DC8FB06B46}"
EndProject
Project("{2150E333-8FDC-42A3-9474-1A3956D46DE8}") = "gen", "gen", "{E8961D6B-814E-4E9B-973C-60BE50B0D642}"
EndProject
Project("{FAE04EC0-301F-11D3-BF4B-00C04F79EFBC}") = "OpenApiGen", "gen\OpenApiGen\OpenApiGen.csproj", "{BD8BAE77-71E4-4F2C-BA56-EE5095E6DD04}"
EndProject
Project("{FAE04EC0-301F-11D3-BF4B-00C04F79EFBC}") = "HubSpot", "src\HubSpot\HubSpot.csproj", "{11B5F4F9-4473-43AE-9D5A-747A75557060}"
EndProject
Project("{9A19103F-16F7-4668-BE54-9A1E7A4F7556}") = "HubSpot.Webhooks.Webhooks", "src\HubSpot.Webhooks.Webhooks\src\HubSpot.Webhooks.Webhooks\HubSpot.Webhooks.Webhooks.csproj", "{11F748E3-5D32-4790-8830-5F7E61DBF36D}"
EndProject
Project("{9A19103F-16F7-4668-BE54-9A1E7A4F7556}") = "HubSpot.CommunicationPreferences.CommunicationsStatus", "src\HubSpot.CommunicationPreferences.CommunicationsStatus\src\HubSpot.CommunicationPreferences.CommunicationsStatus\HubSpot.CommunicationPreferences.CommunicationsStatus.csproj", "{D04B6003-E6AF-441F-BA46-DCB06184E5AB}"
EndProject
Project("{9A19103F-16F7-4668-BE54-9A1E7A4F7556}") = "HubSpot.Events.Events", "src\HubSpot.Events.Events\src\HubSpot.Events.Events\HubSpot.Events.Events.csproj", "{C593DD24-B4C7-4C27-9018-F89DD20C7CDD}"
EndProject
Project("{9A19103F-16F7-4668-BE54-9A1E7A4F7556}") = "HubSpot.Analytics.CustomBehavioralEvents", "src\HubSpot.Analytics.CustomBehavioralEvents\src\HubSpot.Analytics.CustomBehavioralEvents\HubSpot.Analytics.CustomBehavioralEvents.csproj", "{1E03A805-D4CB-4157-9E6E-A0C8396AAB80}"
EndProject
Project("{9A19103F-16F7-4668-BE54-9A1E7A4F7556}") = "HubSpot.Automation.Actions", "src\HubSpot.Automation.Actions\src\HubSpot.Automation.Actions\HubSpot.Automation.Actions.csproj", "{3C3391D7-F8EB-4BE7-AF5A-5E6984E98FCC}"
EndProject
Project("{9A19103F-16F7-4668-BE54-9A1E7A4F7556}") = "HubSpot.BusinessUnits.BusinessUnits", "src\HubSpot.BusinessUnits.BusinessUnits\src\HubSpot.BusinessUnits.BusinessUnits\HubSpot.BusinessUnits.BusinessUnits.csproj", "{027D1CD9-0C7F-403C-936F-3D074B2E8915}"
EndProject
Project("{9A19103F-16F7-4668-BE54-9A1E7A4F7556}") = "HubSpot.Cms.AuditLogs", "src\HubSpot.Cms.AuditLogs\src\HubSpot.Cms.AuditLogs\HubSpot.Cms.AuditLogs.csproj", "{57E630ED-68A5-402B-A95A-9BF1751F9308}"
EndProject
Project("{9A19103F-16F7-4668-BE54-9A1E7A4F7556}") = "HubSpot.Cms.Authors", "src\HubSpot.Cms.Authors\src\HubSpot.Cms.Authors\HubSpot.Cms.Authors.csproj", "{795C11D8-614B-48E9-9D64-53C6F1B5D5AE}"
EndProject
Project("{9A19103F-16F7-4668-BE54-9A1E7A4F7556}") = "HubSpot.Cms.BlogPosts", "src\HubSpot.Cms.BlogPosts\src\HubSpot.Cms.BlogPosts\HubSpot.Cms.BlogPosts.csproj", "{3314D25F-FB09-4000-B091-FDD9AE9EC79B}"
EndProject
Project("{9A19103F-16F7-4668-BE54-9A1E7A4F7556}") = "HubSpot.Cms.Domains", "src\HubSpot.Cms.Domains\src\HubSpot.Cms.Domains\HubSpot.Cms.Domains.csproj", "{3603E7E0-912B-4ED2-BB79-74AEE68CA17F}"
EndProject
Project("{9A19103F-16F7-4668-BE54-9A1E7A4F7556}") = "HubSpot.Cms.Hubdb", "src\HubSpot.Cms.Hubdb\src\HubSpot.Cms.Hubdb\HubSpot.Cms.Hubdb.csproj", "{42F372EF-FE75-40B8-9AEF-F639798F66F1}"
EndProject
Project("{9A19103F-16F7-4668-BE54-9A1E7A4F7556}") = "HubSpot.Cms.Performance", "src\HubSpot.Cms.Performance\src\HubSpot.Cms.Performance\HubSpot.Cms.Performance.csproj", "{86037C1A-EE70-4E87-9850-81911D7C32F6}"
EndProject
Project("{9A19103F-16F7-4668-BE54-9A1E7A4F7556}") = "HubSpot.Cms.SiteSearch", "src\HubSpot.Cms.SiteSearch\src\HubSpot.Cms.SiteSearch\HubSpot.Cms.SiteSearch.csproj", "{62157C89-8B3B-4F93-BAF6-ADE064C26C48}"
EndProject
Project("{9A19103F-16F7-4668-BE54-9A1E7A4F7556}") = "HubSpot.Cms.Tags", "src\HubSpot.Cms.Tags\src\HubSpot.Cms.Tags\HubSpot.Cms.Tags.csproj", "{2D21B42B-9002-4173-9413-AA772B9862DD}"
EndProject
Project("{9A19103F-16F7-4668-BE54-9A1E7A4F7556}") = "HubSpot.Cms.UrlRedirects", "src\HubSpot.Cms.UrlRedirects\src\HubSpot.Cms.UrlRedirects\HubSpot.Cms.UrlRedirects.csproj", "{5D31EFC5-8FD2-4096-882C-2D3F560824AA}"
EndProject
Project("{9A19103F-16F7-4668-BE54-9A1E7A4F7556}") = "HubSpot.Conversations.VisitorIdentification", "src\HubSpot.Conversations.VisitorIdentification\src\HubSpot.Conversations.VisitorIdentification\HubSpot.Conversations.VisitorIdentification.csproj", "{6D63F9EC-8DAC-400A-86B1-BBB62FC9AC3C}"
EndProject
Project("{9A19103F-16F7-4668-BE54-9A1E7A4F7556}") = "HubSpot.Crm.Accounting", "src\HubSpot.Crm.Accounting\src\HubSpot.Crm.Accounting\HubSpot.Crm.Accounting.csproj", "{0E8F2934-7181-488C-82AE-6F27DFAC1912}"
EndProject
Project("{9A19103F-16F7-4668-BE54-9A1E7A4F7556}") = "HubSpot.Crm.Associations", "src\HubSpot.Crm.Associations\src\HubSpot.Crm.Associations\HubSpot.Crm.Associations.csproj", "{D6DC1A10-6925-4D8B-A348-543FE0EDDAD8}"
EndProject
Project("{9A19103F-16F7-4668-BE54-9A1E7A4F7556}") = "HubSpot.Crm.Calling", "src\HubSpot.Crm.Calling\src\HubSpot.Crm.Calling\HubSpot.Crm.Calling.csproj", "{6A395C72-7113-49D5-B549-92C09DBBB086}"
EndProject
Project("{9A19103F-16F7-4668-BE54-9A1E7A4F7556}") = "HubSpot.Crm.Companies", "src\HubSpot.Crm.Companies\src\HubSpot.Crm.Companies\HubSpot.Crm.Companies.csproj", "{37F6E771-0760-44DC-8320-35B36FF2CE5C}"
EndProject
Project("{9A19103F-16F7-4668-BE54-9A1E7A4F7556}") = "HubSpot.Crm.Contacts", "src\HubSpot.Crm.Contacts\src\HubSpot.Crm.Contacts\HubSpot.Crm.Contacts.csproj", "{A85D851C-59FB-418E-9781-3994953865F0}"
EndProject
Project("{9A19103F-16F7-4668-BE54-9A1E7A4F7556}") = "HubSpot.Crm.CrmAssociations", "src\HubSpot.Crm.CrmAssociations\src\HubSpot.Crm.CrmAssociations\HubSpot.Crm.CrmAssociations.csproj", "{3A68D094-B3B5-44BF-BEB5-25D9670A3D81}"
EndProject
Project("{9A19103F-16F7-4668-BE54-9A1E7A4F7556}") = "HubSpot.Crm.CrmExtensions", "src\HubSpot.Crm.CrmExtensions\src\HubSpot.Crm.CrmExtensions\HubSpot.Crm.CrmExtensions.csproj", "{34F396CF-5484-45FD-B343-AFA66783FFBE}"
EndProject
Project("{9A19103F-16F7-4668-BE54-9A1E7A4F7556}") = "HubSpot.Crm.Deals", "src\HubSpot.Crm.Deals\src\HubSpot.Crm.Deals\HubSpot.Crm.Deals.csproj", "{B89E54B7-6A0D-4FD9-A832-60E9D8FB4C13}"
EndProject
Project("{9A19103F-16F7-4668-BE54-9A1E7A4F7556}") = "HubSpot.Crm.FeedbackSubmissions", "src\HubSpot.Crm.FeedbackSubmissions\src\HubSpot.Crm.FeedbackSubmissions\HubSpot.Crm.FeedbackSubmissions.csproj", "{75374FDF-A24B-4BB8-861C-195943215F09}"
EndProject
Project("{9A19103F-16F7-4668-BE54-9A1E7A4F7556}") = "HubSpot.Crm.Imports", "src\HubSpot.Crm.Imports\src\HubSpot.Crm.Imports\HubSpot.Crm.Imports.csproj", "{8D6D6035-A841-440A-A1EE-F8DC1F411F3D}"
EndProject
Project("{9A19103F-16F7-4668-BE54-9A1E7A4F7556}") = "HubSpot.Crm.LineItems", "src\HubSpot.Crm.LineItems\src\HubSpot.Crm.LineItems\HubSpot.Crm.LineItems.csproj", "{283F92F1-9CAB-48DA-BAFD-6A3DC12DA1A7}"
EndProject
Project("{9A19103F-16F7-4668-BE54-9A1E7A4F7556}") = "HubSpot.Crm.Objects", "src\HubSpot.Crm.Objects\src\HubSpot.Crm.Objects\HubSpot.Crm.Objects.csproj", "{054E1FDD-2A82-4401-AB3A-9D798618627E}"
EndProject
Project("{9A19103F-16F7-4668-BE54-9A1E7A4F7556}") = "HubSpot.Crm.Owners", "src\HubSpot.Crm.Owners\src\HubSpot.Crm.Owners\HubSpot.Crm.Owners.csproj", "{59607DE6-BA43-4176-A9E2-E2C699471108}"
EndProject
Project("{9A19103F-16F7-4668-BE54-9A1E7A4F7556}") = "HubSpot.Crm.Products", "src\HubSpot.Crm.Products\src\HubSpot.Crm.Products\HubSpot.Crm.Products.csproj", "{8436F8CE-1A15-4612-8B93-24524C1380EC}"
EndProject
Project("{9A19103F-16F7-4668-BE54-9A1E7A4F7556}") = "HubSpot.Crm.Properties", "src\HubSpot.Crm.Properties\src\HubSpot.Crm.Properties\HubSpot.Crm.Properties.csproj", "{92CB71A5-02C1-4D2E-8182-CBE54E4E39B5}"
EndProject
Project("{9A19103F-16F7-4668-BE54-9A1E7A4F7556}") = "HubSpot.Crm.Quotes", "src\HubSpot.Crm.Quotes\src\HubSpot.Crm.Quotes\HubSpot.Crm.Quotes.csproj", "{4BF47A91-B4DD-420F-B09C-144453745DE7}"
EndProject
Project("{9A19103F-16F7-4668-BE54-9A1E7A4F7556}") = "HubSpot.Crm.Schemas", "src\HubSpot.Crm.Schemas\src\HubSpot.Crm.Schemas\HubSpot.Crm.Schemas.csproj", "{83091E3C-76D0-4FDD-B2F5-B262D229D1CF}"
EndProject
Project("{9A19103F-16F7-4668-BE54-9A1E7A4F7556}") = "HubSpot.Crm.Tickets", "src\HubSpot.Crm.Tickets\src\HubSpot.Crm.Tickets\HubSpot.Crm.Tickets.csproj", "{78912B83-CECD-4A81-BB72-6CB41CC5732B}"
EndProject
Project("{9A19103F-16F7-4668-BE54-9A1E7A4F7556}") = "HubSpot.Crm.Timeline", "src\HubSpot.Crm.Timeline\src\HubSpot.Crm.Timeline\HubSpot.Crm.Timeline.csproj", "{01F8EE30-D7F8-433F-AF85-2586AF4ADA48}"
EndProject
Project("{9A19103F-16F7-4668-BE54-9A1E7A4F7556}") = "HubSpot.Crm.Videoconferencing", "src\HubSpot.Crm.Videoconferencing\src\HubSpot.Crm.Videoconferencing\HubSpot.Crm.Videoconferencing.csproj", "{1F1FD51A-5F90-4D90-A347-775E5CB598D5}"
EndProject
Project("{9A19103F-16F7-4668-BE54-9A1E7A4F7556}") = "HubSpot.Marketing.MarketingEventsBeta", "src\HubSpot.Marketing.MarketingEventsBeta\src\HubSpot.Marketing.MarketingEventsBeta\HubSpot.Marketing.MarketingEventsBeta.csproj", "{0351AA50-F93D-4E91-B83E-2C755FDCC3CA}"
EndProject
Project("{9A19103F-16F7-4668-BE54-9A1E7A4F7556}") = "HubSpot.Marketing.Transactional", "src\HubSpot.Marketing.Transactional\src\HubSpot.Marketing.Transactional\HubSpot.Marketing.Transactional.csproj", "{1E085645-E335-465E-93E8-34873DCE9FF9}"
EndProject
Global
	GlobalSection(SolutionConfigurationPlatforms) = preSolution
		Debug|Any CPU = Debug|Any CPU
		Release|Any CPU = Release|Any CPU
	EndGlobalSection
	GlobalSection(ProjectConfigurationPlatforms) = postSolution
		{BD8BAE77-71E4-4F2C-BA56-EE5095E6DD04}.Debug|Any CPU.ActiveCfg = Debug|Any CPU
		{BD8BAE77-71E4-4F2C-BA56-EE5095E6DD04}.Debug|Any CPU.Build.0 = Debug|Any CPU
		{BD8BAE77-71E4-4F2C-BA56-EE5095E6DD04}.Release|Any CPU.ActiveCfg = Release|Any CPU
		{BD8BAE77-71E4-4F2C-BA56-EE5095E6DD04}.Release|Any CPU.Build.0 = Release|Any CPU
		{11B5F4F9-4473-43AE-9D5A-747A75557060}.Debug|Any CPU.ActiveCfg = Debug|Any CPU
		{11B5F4F9-4473-43AE-9D5A-747A75557060}.Debug|Any CPU.Build.0 = Debug|Any CPU
		{11B5F4F9-4473-43AE-9D5A-747A75557060}.Release|Any CPU.ActiveCfg = Release|Any CPU
		{11B5F4F9-4473-43AE-9D5A-747A75557060}.Release|Any CPU.Build.0 = Release|Any CPU
		{11F748E3-5D32-4790-8830-5F7E61DBF36D}.Debug|Any CPU.ActiveCfg = Debug|Any CPU
		{11F748E3-5D32-4790-8830-5F7E61DBF36D}.Debug|Any CPU.Build.0 = Debug|Any CPU
		{11F748E3-5D32-4790-8830-5F7E61DBF36D}.Release|Any CPU.ActiveCfg = Release|Any CPU
		{11F748E3-5D32-4790-8830-5F7E61DBF36D}.Release|Any CPU.Build.0 = Release|Any CPU
		{D04B6003-E6AF-441F-BA46-DCB06184E5AB}.Debug|Any CPU.ActiveCfg = Debug|Any CPU
		{D04B6003-E6AF-441F-BA46-DCB06184E5AB}.Debug|Any CPU.Build.0 = Debug|Any CPU
		{D04B6003-E6AF-441F-BA46-DCB06184E5AB}.Release|Any CPU.ActiveCfg = Release|Any CPU
		{D04B6003-E6AF-441F-BA46-DCB06184E5AB}.Release|Any CPU.Build.0 = Release|Any CPU
		{C593DD24-B4C7-4C27-9018-F89DD20C7CDD}.Debug|Any CPU.ActiveCfg = Debug|Any CPU
		{C593DD24-B4C7-4C27-9018-F89DD20C7CDD}.Debug|Any CPU.Build.0 = Debug|Any CPU
		{C593DD24-B4C7-4C27-9018-F89DD20C7CDD}.Release|Any CPU.ActiveCfg = Release|Any CPU
		{C593DD24-B4C7-4C27-9018-F89DD20C7CDD}.Release|Any CPU.Build.0 = Release|Any CPU
		{1E03A805-D4CB-4157-9E6E-A0C8396AAB80}.Debug|Any CPU.ActiveCfg = Debug|Any CPU
		{1E03A805-D4CB-4157-9E6E-A0C8396AAB80}.Debug|Any CPU.Build.0 = Debug|Any CPU
		{1E03A805-D4CB-4157-9E6E-A0C8396AAB80}.Release|Any CPU.ActiveCfg = Release|Any CPU
		{1E03A805-D4CB-4157-9E6E-A0C8396AAB80}.Release|Any CPU.Build.0 = Release|Any CPU
		{3C3391D7-F8EB-4BE7-AF5A-5E6984E98FCC}.Debug|Any CPU.ActiveCfg = Debug|Any CPU
		{3C3391D7-F8EB-4BE7-AF5A-5E6984E98FCC}.Debug|Any CPU.Build.0 = Debug|Any CPU
		{3C3391D7-F8EB-4BE7-AF5A-5E6984E98FCC}.Release|Any CPU.ActiveCfg = Release|Any CPU
		{3C3391D7-F8EB-4BE7-AF5A-5E6984E98FCC}.Release|Any CPU.Build.0 = Release|Any CPU
		{027D1CD9-0C7F-403C-936F-3D074B2E8915}.Debug|Any CPU.ActiveCfg = Debug|Any CPU
		{027D1CD9-0C7F-403C-936F-3D074B2E8915}.Debug|Any CPU.Build.0 = Debug|Any CPU
		{027D1CD9-0C7F-403C-936F-3D074B2E8915}.Release|Any CPU.ActiveCfg = Release|Any CPU
		{027D1CD9-0C7F-403C-936F-3D074B2E8915}.Release|Any CPU.Build.0 = Release|Any CPU
		{57E630ED-68A5-402B-A95A-9BF1751F9308}.Debug|Any CPU.ActiveCfg = Debug|Any CPU
		{57E630ED-68A5-402B-A95A-9BF1751F9308}.Debug|Any CPU.Build.0 = Debug|Any CPU
		{57E630ED-68A5-402B-A95A-9BF1751F9308}.Release|Any CPU.ActiveCfg = Release|Any CPU
		{57E630ED-68A5-402B-A95A-9BF1751F9308}.Release|Any CPU.Build.0 = Release|Any CPU
		{795C11D8-614B-48E9-9D64-53C6F1B5D5AE}.Debug|Any CPU.ActiveCfg = Debug|Any CPU
		{795C11D8-614B-48E9-9D64-53C6F1B5D5AE}.Debug|Any CPU.Build.0 = Debug|Any CPU
		{795C11D8-614B-48E9-9D64-53C6F1B5D5AE}.Release|Any CPU.ActiveCfg = Release|Any CPU
		{795C11D8-614B-48E9-9D64-53C6F1B5D5AE}.Release|Any CPU.Build.0 = Release|Any CPU
		{3314D25F-FB09-4000-B091-FDD9AE9EC79B}.Debug|Any CPU.ActiveCfg = Debug|Any CPU
		{3314D25F-FB09-4000-B091-FDD9AE9EC79B}.Debug|Any CPU.Build.0 = Debug|Any CPU
		{3314D25F-FB09-4000-B091-FDD9AE9EC79B}.Release|Any CPU.ActiveCfg = Release|Any CPU
		{3314D25F-FB09-4000-B091-FDD9AE9EC79B}.Release|Any CPU.Build.0 = Release|Any CPU
		{3603E7E0-912B-4ED2-BB79-74AEE68CA17F}.Debug|Any CPU.ActiveCfg = Debug|Any CPU
		{3603E7E0-912B-4ED2-BB79-74AEE68CA17F}.Debug|Any CPU.Build.0 = Debug|Any CPU
		{3603E7E0-912B-4ED2-BB79-74AEE68CA17F}.Release|Any CPU.ActiveCfg = Release|Any CPU
		{3603E7E0-912B-4ED2-BB79-74AEE68CA17F}.Release|Any CPU.Build.0 = Release|Any CPU
		{42F372EF-FE75-40B8-9AEF-F639798F66F1}.Debug|Any CPU.ActiveCfg = Debug|Any CPU
		{42F372EF-FE75-40B8-9AEF-F639798F66F1}.Debug|Any CPU.Build.0 = Debug|Any CPU
		{42F372EF-FE75-40B8-9AEF-F639798F66F1}.Release|Any CPU.ActiveCfg = Release|Any CPU
		{42F372EF-FE75-40B8-9AEF-F639798F66F1}.Release|Any CPU.Build.0 = Release|Any CPU
		{86037C1A-EE70-4E87-9850-81911D7C32F6}.Debug|Any CPU.ActiveCfg = Debug|Any CPU
		{86037C1A-EE70-4E87-9850-81911D7C32F6}.Debug|Any CPU.Build.0 = Debug|Any CPU
		{86037C1A-EE70-4E87-9850-81911D7C32F6}.Release|Any CPU.ActiveCfg = Release|Any CPU
		{86037C1A-EE70-4E87-9850-81911D7C32F6}.Release|Any CPU.Build.0 = Release|Any CPU
		{62157C89-8B3B-4F93-BAF6-ADE064C26C48}.Debug|Any CPU.ActiveCfg = Debug|Any CPU
		{62157C89-8B3B-4F93-BAF6-ADE064C26C48}.Debug|Any CPU.Build.0 = Debug|Any CPU
		{62157C89-8B3B-4F93-BAF6-ADE064C26C48}.Release|Any CPU.ActiveCfg = Release|Any CPU
		{62157C89-8B3B-4F93-BAF6-ADE064C26C48}.Release|Any CPU.Build.0 = Release|Any CPU
		{2D21B42B-9002-4173-9413-AA772B9862DD}.Debug|Any CPU.ActiveCfg = Debug|Any CPU
		{2D21B42B-9002-4173-9413-AA772B9862DD}.Debug|Any CPU.Build.0 = Debug|Any CPU
		{2D21B42B-9002-4173-9413-AA772B9862DD}.Release|Any CPU.ActiveCfg = Release|Any CPU
		{2D21B42B-9002-4173-9413-AA772B9862DD}.Release|Any CPU.Build.0 = Release|Any CPU
		{5D31EFC5-8FD2-4096-882C-2D3F560824AA}.Debug|Any CPU.ActiveCfg = Debug|Any CPU
		{5D31EFC5-8FD2-4096-882C-2D3F560824AA}.Debug|Any CPU.Build.0 = Debug|Any CPU
		{5D31EFC5-8FD2-4096-882C-2D3F560824AA}.Release|Any CPU.ActiveCfg = Release|Any CPU
		{5D31EFC5-8FD2-4096-882C-2D3F560824AA}.Release|Any CPU.Build.0 = Release|Any CPU
		{6D63F9EC-8DAC-400A-86B1-BBB62FC9AC3C}.Debug|Any CPU.ActiveCfg = Debug|Any CPU
		{6D63F9EC-8DAC-400A-86B1-BBB62FC9AC3C}.Debug|Any CPU.Build.0 = Debug|Any CPU
		{6D63F9EC-8DAC-400A-86B1-BBB62FC9AC3C}.Release|Any CPU.ActiveCfg = Release|Any CPU
		{6D63F9EC-8DAC-400A-86B1-BBB62FC9AC3C}.Release|Any CPU.Build.0 = Release|Any CPU
		{0E8F2934-7181-488C-82AE-6F27DFAC1912}.Debug|Any CPU.ActiveCfg = Debug|Any CPU
		{0E8F2934-7181-488C-82AE-6F27DFAC1912}.Debug|Any CPU.Build.0 = Debug|Any CPU
		{0E8F2934-7181-488C-82AE-6F27DFAC1912}.Release|Any CPU.ActiveCfg = Release|Any CPU
		{0E8F2934-7181-488C-82AE-6F27DFAC1912}.Release|Any CPU.Build.0 = Release|Any CPU
		{D6DC1A10-6925-4D8B-A348-543FE0EDDAD8}.Debug|Any CPU.ActiveCfg = Debug|Any CPU
		{D6DC1A10-6925-4D8B-A348-543FE0EDDAD8}.Debug|Any CPU.Build.0 = Debug|Any CPU
		{D6DC1A10-6925-4D8B-A348-543FE0EDDAD8}.Release|Any CPU.ActiveCfg = Release|Any CPU
		{D6DC1A10-6925-4D8B-A348-543FE0EDDAD8}.Release|Any CPU.Build.0 = Release|Any CPU
		{6A395C72-7113-49D5-B549-92C09DBBB086}.Debug|Any CPU.ActiveCfg = Debug|Any CPU
		{6A395C72-7113-49D5-B549-92C09DBBB086}.Debug|Any CPU.Build.0 = Debug|Any CPU
		{6A395C72-7113-49D5-B549-92C09DBBB086}.Release|Any CPU.ActiveCfg = Release|Any CPU
		{6A395C72-7113-49D5-B549-92C09DBBB086}.Release|Any CPU.Build.0 = Release|Any CPU
		{37F6E771-0760-44DC-8320-35B36FF2CE5C}.Debug|Any CPU.ActiveCfg = Debug|Any CPU
		{37F6E771-0760-44DC-8320-35B36FF2CE5C}.Debug|Any CPU.Build.0 = Debug|Any CPU
		{37F6E771-0760-44DC-8320-35B36FF2CE5C}.Release|Any CPU.ActiveCfg = Release|Any CPU
		{37F6E771-0760-44DC-8320-35B36FF2CE5C}.Release|Any CPU.Build.0 = Release|Any CPU
		{A85D851C-59FB-418E-9781-3994953865F0}.Debug|Any CPU.ActiveCfg = Debug|Any CPU
		{A85D851C-59FB-418E-9781-3994953865F0}.Debug|Any CPU.Build.0 = Debug|Any CPU
		{A85D851C-59FB-418E-9781-3994953865F0}.Release|Any CPU.ActiveCfg = Release|Any CPU
		{A85D851C-59FB-418E-9781-3994953865F0}.Release|Any CPU.Build.0 = Release|Any CPU
		{3A68D094-B3B5-44BF-BEB5-25D9670A3D81}.Debug|Any CPU.ActiveCfg = Debug|Any CPU
		{3A68D094-B3B5-44BF-BEB5-25D9670A3D81}.Debug|Any CPU.Build.0 = Debug|Any CPU
		{3A68D094-B3B5-44BF-BEB5-25D9670A3D81}.Release|Any CPU.ActiveCfg = Release|Any CPU
		{3A68D094-B3B5-44BF-BEB5-25D9670A3D81}.Release|Any CPU.Build.0 = Release|Any CPU
		{34F396CF-5484-45FD-B343-AFA66783FFBE}.Debug|Any CPU.ActiveCfg = Debug|Any CPU
		{34F396CF-5484-45FD-B343-AFA66783FFBE}.Debug|Any CPU.Build.0 = Debug|Any CPU
		{34F396CF-5484-45FD-B343-AFA66783FFBE}.Release|Any CPU.ActiveCfg = Release|Any CPU
		{34F396CF-5484-45FD-B343-AFA66783FFBE}.Release|Any CPU.Build.0 = Release|Any CPU
		{B89E54B7-6A0D-4FD9-A832-60E9D8FB4C13}.Debug|Any CPU.ActiveCfg = Debug|Any CPU
		{B89E54B7-6A0D-4FD9-A832-60E9D8FB4C13}.Debug|Any CPU.Build.0 = Debug|Any CPU
		{B89E54B7-6A0D-4FD9-A832-60E9D8FB4C13}.Release|Any CPU.ActiveCfg = Release|Any CPU
		{B89E54B7-6A0D-4FD9-A832-60E9D8FB4C13}.Release|Any CPU.Build.0 = Release|Any CPU
		{75374FDF-A24B-4BB8-861C-195943215F09}.Debug|Any CPU.ActiveCfg = Debug|Any CPU
		{75374FDF-A24B-4BB8-861C-195943215F09}.Debug|Any CPU.Build.0 = Debug|Any CPU
		{75374FDF-A24B-4BB8-861C-195943215F09}.Release|Any CPU.ActiveCfg = Release|Any CPU
		{75374FDF-A24B-4BB8-861C-195943215F09}.Release|Any CPU.Build.0 = Release|Any CPU
		{8D6D6035-A841-440A-A1EE-F8DC1F411F3D}.Debug|Any CPU.ActiveCfg = Debug|Any CPU
		{8D6D6035-A841-440A-A1EE-F8DC1F411F3D}.Debug|Any CPU.Build.0 = Debug|Any CPU
		{8D6D6035-A841-440A-A1EE-F8DC1F411F3D}.Release|Any CPU.ActiveCfg = Release|Any CPU
		{8D6D6035-A841-440A-A1EE-F8DC1F411F3D}.Release|Any CPU.Build.0 = Release|Any CPU
		{283F92F1-9CAB-48DA-BAFD-6A3DC12DA1A7}.Debug|Any CPU.ActiveCfg = Debug|Any CPU
		{283F92F1-9CAB-48DA-BAFD-6A3DC12DA1A7}.Debug|Any CPU.Build.0 = Debug|Any CPU
		{283F92F1-9CAB-48DA-BAFD-6A3DC12DA1A7}.Release|Any CPU.ActiveCfg = Release|Any CPU
		{283F92F1-9CAB-48DA-BAFD-6A3DC12DA1A7}.Release|Any CPU.Build.0 = Release|Any CPU
		{054E1FDD-2A82-4401-AB3A-9D798618627E}.Debug|Any CPU.ActiveCfg = Debug|Any CPU
		{054E1FDD-2A82-4401-AB3A-9D798618627E}.Debug|Any CPU.Build.0 = Debug|Any CPU
		{054E1FDD-2A82-4401-AB3A-9D798618627E}.Release|Any CPU.ActiveCfg = Release|Any CPU
		{054E1FDD-2A82-4401-AB3A-9D798618627E}.Release|Any CPU.Build.0 = Release|Any CPU
		{59607DE6-BA43-4176-A9E2-E2C699471108}.Debug|Any CPU.ActiveCfg = Debug|Any CPU
		{59607DE6-BA43-4176-A9E2-E2C699471108}.Debug|Any CPU.Build.0 = Debug|Any CPU
		{59607DE6-BA43-4176-A9E2-E2C699471108}.Release|Any CPU.ActiveCfg = Release|Any CPU
		{59607DE6-BA43-4176-A9E2-E2C699471108}.Release|Any CPU.Build.0 = Release|Any CPU
		{8436F8CE-1A15-4612-8B93-24524C1380EC}.Debug|Any CPU.ActiveCfg = Debug|Any CPU
		{8436F8CE-1A15-4612-8B93-24524C1380EC}.Debug|Any CPU.Build.0 = Debug|Any CPU
		{8436F8CE-1A15-4612-8B93-24524C1380EC}.Release|Any CPU.ActiveCfg = Release|Any CPU
		{8436F8CE-1A15-4612-8B93-24524C1380EC}.Release|Any CPU.Build.0 = Release|Any CPU
		{92CB71A5-02C1-4D2E-8182-CBE54E4E39B5}.Debug|Any CPU.ActiveCfg = Debug|Any CPU
		{92CB71A5-02C1-4D2E-8182-CBE54E4E39B5}.Debug|Any CPU.Build.0 = Debug|Any CPU
		{92CB71A5-02C1-4D2E-8182-CBE54E4E39B5}.Release|Any CPU.ActiveCfg = Release|Any CPU
		{92CB71A5-02C1-4D2E-8182-CBE54E4E39B5}.Release|Any CPU.Build.0 = Release|Any CPU
		{4BF47A91-B4DD-420F-B09C-144453745DE7}.Debug|Any CPU.ActiveCfg = Debug|Any CPU
		{4BF47A91-B4DD-420F-B09C-144453745DE7}.Debug|Any CPU.Build.0 = Debug|Any CPU
		{4BF47A91-B4DD-420F-B09C-144453745DE7}.Release|Any CPU.ActiveCfg = Release|Any CPU
		{4BF47A91-B4DD-420F-B09C-144453745DE7}.Release|Any CPU.Build.0 = Release|Any CPU
		{83091E3C-76D0-4FDD-B2F5-B262D229D1CF}.Debug|Any CPU.ActiveCfg = Debug|Any CPU
		{83091E3C-76D0-4FDD-B2F5-B262D229D1CF}.Debug|Any CPU.Build.0 = Debug|Any CPU
		{83091E3C-76D0-4FDD-B2F5-B262D229D1CF}.Release|Any CPU.ActiveCfg = Release|Any CPU
		{83091E3C-76D0-4FDD-B2F5-B262D229D1CF}.Release|Any CPU.Build.0 = Release|Any CPU
		{78912B83-CECD-4A81-BB72-6CB41CC5732B}.Debug|Any CPU.ActiveCfg = Debug|Any CPU
		{78912B83-CECD-4A81-BB72-6CB41CC5732B}.Debug|Any CPU.Build.0 = Debug|Any CPU
		{78912B83-CECD-4A81-BB72-6CB41CC5732B}.Release|Any CPU.ActiveCfg = Release|Any CPU
		{78912B83-CECD-4A81-BB72-6CB41CC5732B}.Release|Any CPU.Build.0 = Release|Any CPU
		{01F8EE30-D7F8-433F-AF85-2586AF4ADA48}.Debug|Any CPU.ActiveCfg = Debug|Any CPU
		{01F8EE30-D7F8-433F-AF85-2586AF4ADA48}.Debug|Any CPU.Build.0 = Debug|Any CPU
		{01F8EE30-D7F8-433F-AF85-2586AF4ADA48}.Release|Any CPU.ActiveCfg = Release|Any CPU
		{01F8EE30-D7F8-433F-AF85-2586AF4ADA48}.Release|Any CPU.Build.0 = Release|Any CPU
		{1F1FD51A-5F90-4D90-A347-775E5CB598D5}.Debug|Any CPU.ActiveCfg = Debug|Any CPU
		{1F1FD51A-5F90-4D90-A347-775E5CB598D5}.Debug|Any CPU.Build.0 = Debug|Any CPU
		{1F1FD51A-5F90-4D90-A347-775E5CB598D5}.Release|Any CPU.ActiveCfg = Release|Any CPU
		{1F1FD51A-5F90-4D90-A347-775E5CB598D5}.Release|Any CPU.Build.0 = Release|Any CPU
		{0351AA50-F93D-4E91-B83E-2C755FDCC3CA}.Debug|Any CPU.ActiveCfg = Debug|Any CPU
		{0351AA50-F93D-4E91-B83E-2C755FDCC3CA}.Debug|Any CPU.Build.0 = Debug|Any CPU
		{0351AA50-F93D-4E91-B83E-2C755FDCC3CA}.Release|Any CPU.ActiveCfg = Release|Any CPU
		{0351AA50-F93D-4E91-B83E-2C755FDCC3CA}.Release|Any CPU.Build.0 = Release|Any CPU
		{1E085645-E335-465E-93E8-34873DCE9FF9}.Debug|Any CPU.ActiveCfg = Debug|Any CPU
		{1E085645-E335-465E-93E8-34873DCE9FF9}.Debug|Any CPU.Build.0 = Debug|Any CPU
		{1E085645-E335-465E-93E8-34873DCE9FF9}.Release|Any CPU.ActiveCfg = Release|Any CPU
		{1E085645-E335-465E-93E8-34873DCE9FF9}.Release|Any CPU.Build.0 = Release|Any CPU
	EndGlobalSection
	GlobalSection(SolutionProperties) = preSolution
		HideSolutionNode = FALSE
	EndGlobalSection
	GlobalSection(NestedProjects) = preSolution
		{BD8BAE77-71E4-4F2C-BA56-EE5095E6DD04} = {E8961D6B-814E-4E9B-973C-60BE50B0D642}
		{11B5F4F9-4473-43AE-9D5A-747A75557060} = {CD64CA24-2A01-4A2E-B80E-47DC8FB06B46}
		{11F748E3-5D32-4790-8830-5F7E61DBF36D} = {CD64CA24-2A01-4A2E-B80E-47DC8FB06B46}
		{D04B6003-E6AF-441F-BA46-DCB06184E5AB} = {CD64CA24-2A01-4A2E-B80E-47DC8FB06B46}
		{C593DD24-B4C7-4C27-9018-F89DD20C7CDD} = {CD64CA24-2A01-4A2E-B80E-47DC8FB06B46}
		{1E03A805-D4CB-4157-9E6E-A0C8396AAB80} = {CD64CA24-2A01-4A2E-B80E-47DC8FB06B46}
		{3C3391D7-F8EB-4BE7-AF5A-5E6984E98FCC} = {CD64CA24-2A01-4A2E-B80E-47DC8FB06B46}
		{027D1CD9-0C7F-403C-936F-3D074B2E8915} = {CD64CA24-2A01-4A2E-B80E-47DC8FB06B46}
		{57E630ED-68A5-402B-A95A-9BF1751F9308} = {CD64CA24-2A01-4A2E-B80E-47DC8FB06B46}
		{795C11D8-614B-48E9-9D64-53C6F1B5D5AE} = {CD64CA24-2A01-4A2E-B80E-47DC8FB06B46}
		{3314D25F-FB09-4000-B091-FDD9AE9EC79B} = {CD64CA24-2A01-4A2E-B80E-47DC8FB06B46}
		{3603E7E0-912B-4ED2-BB79-74AEE68CA17F} = {CD64CA24-2A01-4A2E-B80E-47DC8FB06B46}
		{42F372EF-FE75-40B8-9AEF-F639798F66F1} = {CD64CA24-2A01-4A2E-B80E-47DC8FB06B46}
		{86037C1A-EE70-4E87-9850-81911D7C32F6} = {CD64CA24-2A01-4A2E-B80E-47DC8FB06B46}
		{62157C89-8B3B-4F93-BAF6-ADE064C26C48} = {CD64CA24-2A01-4A2E-B80E-47DC8FB06B46}
		{2D21B42B-9002-4173-9413-AA772B9862DD} = {CD64CA24-2A01-4A2E-B80E-47DC8FB06B46}
		{5D31EFC5-8FD2-4096-882C-2D3F560824AA} = {CD64CA24-2A01-4A2E-B80E-47DC8FB06B46}
		{6D63F9EC-8DAC-400A-86B1-BBB62FC9AC3C} = {CD64CA24-2A01-4A2E-B80E-47DC8FB06B46}
		{0E8F2934-7181-488C-82AE-6F27DFAC1912} = {CD64CA24-2A01-4A2E-B80E-47DC8FB06B46}
		{D6DC1A10-6925-4D8B-A348-543FE0EDDAD8} = {CD64CA24-2A01-4A2E-B80E-47DC8FB06B46}
		{6A395C72-7113-49D5-B549-92C09DBBB086} = {CD64CA24-2A01-4A2E-B80E-47DC8FB06B46}
		{37F6E771-0760-44DC-8320-35B36FF2CE5C} = {CD64CA24-2A01-4A2E-B80E-47DC8FB06B46}
		{A85D851C-59FB-418E-9781-3994953865F0} = {CD64CA24-2A01-4A2E-B80E-47DC8FB06B46}
		{3A68D094-B3B5-44BF-BEB5-25D9670A3D81} = {CD64CA24-2A01-4A2E-B80E-47DC8FB06B46}
		{34F396CF-5484-45FD-B343-AFA66783FFBE} = {CD64CA24-2A01-4A2E-B80E-47DC8FB06B46}
		{B89E54B7-6A0D-4FD9-A832-60E9D8FB4C13} = {CD64CA24-2A01-4A2E-B80E-47DC8FB06B46}
		{75374FDF-A24B-4BB8-861C-195943215F09} = {CD64CA24-2A01-4A2E-B80E-47DC8FB06B46}
		{8D6D6035-A841-440A-A1EE-F8DC1F411F3D} = {CD64CA24-2A01-4A2E-B80E-47DC8FB06B46}
		{283F92F1-9CAB-48DA-BAFD-6A3DC12DA1A7} = {CD64CA24-2A01-4A2E-B80E-47DC8FB06B46}
		{054E1FDD-2A82-4401-AB3A-9D798618627E} = {CD64CA24-2A01-4A2E-B80E-47DC8FB06B46}
		{59607DE6-BA43-4176-A9E2-E2C699471108} = {CD64CA24-2A01-4A2E-B80E-47DC8FB06B46}
		{8436F8CE-1A15-4612-8B93-24524C1380EC} = {CD64CA24-2A01-4A2E-B80E-47DC8FB06B46}
		{92CB71A5-02C1-4D2E-8182-CBE54E4E39B5} = {CD64CA24-2A01-4A2E-B80E-47DC8FB06B46}
		{4BF47A91-B4DD-420F-B09C-144453745DE7} = {CD64CA24-2A01-4A2E-B80E-47DC8FB06B46}
		{83091E3C-76D0-4FDD-B2F5-B262D229D1CF} = {CD64CA24-2A01-4A2E-B80E-47DC8FB06B46}
		{78912B83-CECD-4A81-BB72-6CB41CC5732B} = {CD64CA24-2A01-4A2E-B80E-47DC8FB06B46}
		{01F8EE30-D7F8-433F-AF85-2586AF4ADA48} = {CD64CA24-2A01-4A2E-B80E-47DC8FB06B46}
		{1F1FD51A-5F90-4D90-A347-775E5CB598D5} = {CD64CA24-2A01-4A2E-B80E-47DC8FB06B46}
		{0351AA50-F93D-4E91-B83E-2C755FDCC3CA} = {CD64CA24-2A01-4A2E-B80E-47DC8FB06B46}
		{1E085645-E335-465E-93E8-34873DCE9FF9} = {CD64CA24-2A01-4A2E-B80E-47DC8FB06B46}
	EndGlobalSection
	GlobalSection(ExtensibilityGlobals) = postSolution
		SolutionGuid = {69428ABE-A551-4F94-9651-30DD4F04995D}
	EndGlobalSection
EndGlobal
